Microsoft Visual Studio Solution File, Format Version 12.00
# Visual Studio Version 17
VisualStudioVersion = 17.5.2.0
MinimumVisualStudioVersion = 10.0.40219.1
Project("{FAE04EC0-301F-11D3-BF4B-00C04F79EFBC}") = "pratica05", "pratica05.csproj", "{C059ACAB-A568-289C-9640-D74F5CA9245E}"
EndProject
Global
	GlobalSection(SolutionConfigurationPlatforms) = preSolution
		Debug|Any CPU = Debug|Any CPU
		Release|Any CPU = Release|Any CPU
	EndGlobalSection
	GlobalSection(ProjectConfigurationPlatforms) = postSolution
		{C059ACAB-A568-289C-9640-D74F5CA9245E}.Debug|Any CPU.ActiveCfg = Debug|Any CPU
		{C059ACAB-A568-289C-9640-D74F5CA9245E}.Debug|Any CPU.Build.0 = Debug|Any CPU
		{C059ACAB-A568-289C-9640-D74F5CA9245E}.Release|Any CPU.ActiveCfg = Release|Any CPU
		{C059ACAB-A568-289C-9640-D74F5CA9245E}.Release|Any CPU.Build.0 = Release|Any CPU
	EndGlobalSection
	GlobalSection(SolutionProperties) = preSolution
		HideSolutionNode = FALSE
	EndGlobalSection
	GlobalSection(ExtensibilityGlobals) = postSolution
		SolutionGuid = {625FD16B-2677-4C33-84B4-B622ABE2B908}
	EndGlobalSection
EndGlobal
